
Microsoft Visual Studio Solution File, Format Version 12.00
# Visual Studio Version 17
VisualStudioVersion = 17.3.32819.101
MinimumVisualStudioVersion = 10.0.40219.1
Project("{9A19103F-16F7-4668-BE54-9A1E7A4F7556}") = "SistemaInventario", "SistemaInventario\SistemaInventario.csproj", "{84BFA5FB-F5CA-45CD-ACED-5A9D3FEA6D48}"
EndProject
Project("{FAE04EC0-301F-11D3-BF4B-00C04F79EFBC}") = "SistemaInventario.AccesoDatos", "SistemaInventario.AccesoDatos\SistemaInventario.AccesoDatos.csproj", "{7013CEDE-FC61-41A4-AF29-D3C608EC7F25}"
EndProject
Project("{FAE04EC0-301F-11D3-BF4B-00C04F79EFBC}") = "SistemaInventario.Modelos", "SistemaInventario.Modelos\SistemaInventario.Modelos.csproj", "{36AE1BC2-A729-4901-888A-081ECCEC4C34}"
EndProject
Project("{FAE04EC0-301F-11D3-BF4B-00C04F79EFBC}") = "SistemaInventario.Utilidades", "SistemaInventario.Utilidades\SistemaInventario.Utilidades.csproj", "{04539B71-F7BF-4479-A793-85ADD608383C}"
EndProject
Global
	GlobalSection(SolutionConfigurationPlatforms) = preSolution
		Debug|Any CPU = Debug|Any CPU
		Release|Any CPU = Release|Any CPU
	EndGlobalSection
	GlobalSection(ProjectConfigurationPlatforms) = postSolution
		{84BFA5FB-F5CA-45CD-ACED-5A9D3FEA6D48}.Debug|Any CPU.ActiveCfg = Debug|Any CPU
		{84BFA5FB-F5CA-45CD-ACED-5A9D3FEA6D48}.Debug|Any CPU.Build.0 = Debug|Any CPU
		{84BFA5FB-F5CA-45CD-ACED-5A9D3FEA6D48}.Release|Any CPU.ActiveCfg = Release|Any CPU
		{84BFA5FB-F5CA-45CD-ACED-5A9D3FEA6D48}.Release|Any CPU.Build.0 = Release|Any CPU
		{7013CEDE-FC61-41A4-AF29-D3C608EC7F25}.Debug|Any CPU.ActiveCfg = Debug|Any CPU
		{7013CEDE-FC61-41A4-AF29-D3C608EC7F25}.Debug|Any CPU.Build.0 = Debug|Any CPU
		{7013CEDE-FC61-41A4-AF29-D3C608EC7F25}.Release|Any CPU.ActiveCfg = Release|Any CPU
		{7013CEDE-FC61-41A4-AF29-D3C608EC7F25}.Release|Any CPU.Build.0 = Release|Any CPU
		{36AE1BC2-A729-4901-888A-081ECCEC4C34}.Debug|Any CPU.ActiveCfg = Debug|Any CPU
		{36AE1BC2-A729-4901-888A-081ECCEC4C34}.Debug|Any CPU.Build.0 = Debug|Any CPU
		{36AE1BC2-A729-4901-888A-081ECCEC4C34}.Release|Any CPU.ActiveCfg = Release|Any CPU
		{36AE1BC2-A729-4901-888A-081ECCEC4C34}.Release|Any CPU.Build.0 = Release|Any CPU
		{04539B71-F7BF-4479-A793-85ADD608383C}.Debug|Any CPU.ActiveCfg = Debug|Any CPU
		{04539B71-F7BF-4479-A793-85ADD608383C}.Debug|Any CPU.Build.0 = Debug|Any CPU
		{04539B71-F7BF-4479-A793-85ADD608383C}.Release|Any CPU.ActiveCfg = Release|Any CPU
		{04539B71-F7BF-4479-A793-85ADD608383C}.Release|Any CPU.Build.0 = Release|Any CPU
	EndGlobalSection
	GlobalSection(SolutionProperties) = preSolution
		HideSolutionNode = FALSE
	EndGlobalSection
	GlobalSection(ExtensibilityGlobals) = postSolution
		SolutionGuid = {41FBBB77-B5B1-492A-BC65-F2BCFDF7B6CE}
	EndGlobalSection
EndGlobal
